
Microsoft Visual Studio Solution File, Format Version 12.00
# Visual Studio Version 16
VisualStudioVersion = 16.0.30907.101
MinimumVisualStudioVersion = 10.0.40219.1
Project("{9A19103F-16F7-4668-BE54-9A1E7A4F7556}") = "KampIntro", "KampIntro\KampIntro.csproj", "{5F9CFA09-00C3-425E-ADB6-16FB746B8C26}"
EndProject
Project("{9A19103F-16F7-4668-BE54-9A1E7A4F7556}") = "ClassIntro", "ClassIntro\ClassIntro.csproj", "{C09B418D-1809-442A-AF84-D3EA60F35E5F}"
EndProject
Project("{9A19103F-16F7-4668-BE54-9A1E7A4F7556}") = "Metotlar", "Metotlar\Metotlar.csproj", "{C28E0907-EC59-4F44-96FE-347212ACB1D9}"
EndProject
Project("{9A19103F-16F7-4668-BE54-9A1E7A4F7556}") = "Matematik", "Matematik\Matematik.csproj", "{ED729F11-53FC-48B4-B1FB-934AC1B30189}"
EndProject
Project("{9A19103F-16F7-4668-BE54-9A1E7A4F7556}") = "DegerVeReferansTipler", "DegerVeReferansTipler\DegerVeReferansTipler.csproj", "{898D22C5-0926-4D86-9D6D-9803CBB676E7}"
EndProject
Project("{FAE04EC0-301F-11D3-BF4B-00C04F79EFBC}") = "ClassMetotDemo", "ClassMetotDemo\ClassMetotDemo.csproj", "{6D8F4A3F-1B46-4F1D-83A7-C4F4457EEA88}"
EndProject
Global
	GlobalSection(SolutionConfigurationPlatforms) = preSolution
		Debug|Any CPU = Debug|Any CPU
		Release|Any CPU = Release|Any CPU
	EndGlobalSection
	GlobalSection(ProjectConfigurationPlatforms) = postSolution
		{5F9CFA09-00C3-425E-ADB6-16FB746B8C26}.Debug|Any CPU.ActiveCfg = Debug|Any CPU
		{5F9CFA09-00C3-425E-ADB6-16FB746B8C26}.Debug|Any CPU.Build.0 = Debug|Any CPU
		{5F9CFA09-00C3-425E-ADB6-16FB746B8C26}.Release|Any CPU.ActiveCfg = Release|Any CPU
		{5F9CFA09-00C3-425E-ADB6-16FB746B8C26}.Release|Any CPU.Build.0 = Release|Any CPU
		{C09B418D-1809-442A-AF84-D3EA60F35E5F}.Debug|Any CPU.ActiveCfg = Debug|Any CPU
		{C09B418D-1809-442A-AF84-D3EA60F35E5F}.Debug|Any CPU.Build.0 = Debug|Any CPU
		{C09B418D-1809-442A-AF84-D3EA60F35E5F}.Release|Any CPU.ActiveCfg = Release|Any CPU
		{C09B418D-1809-442A-AF84-D3EA60F35E5F}.Release|Any CPU.Build.0 = Release|Any CPU
		{C28E0907-EC59-4F44-96FE-347212ACB1D9}.Debug|Any CPU.ActiveCfg = Debug|Any CPU
		{C28E0907-EC59-4F44-96FE-347212ACB1D9}.Debug|Any CPU.Build.0 = Debug|Any CPU
		{C28E0907-EC59-4F44-96FE-347212ACB1D9}.Release|Any CPU.ActiveCfg = Release|Any CPU
		{C28E0907-EC59-4F44-96FE-347212ACB1D9}.Release|Any CPU.Build.0 = Release|Any CPU
		{ED729F11-53FC-48B4-B1FB-934AC1B30189}.Debug|Any CPU.ActiveCfg = Debug|Any CPU
		{ED729F11-53FC-48B4-B1FB-934AC1B30189}.Debug|Any CPU.Build.0 = Debug|Any CPU
		{ED729F11-53FC-48B4-B1FB-934AC1B30189}.Release|Any CPU.ActiveCfg = Release|Any CPU
		{ED729F11-53FC-48B4-B1FB-934AC1B30189}.Release|Any CPU.Build.0 = Release|Any CPU
		{898D22C5-0926-4D86-9D6D-9803CBB676E7}.Debug|Any CPU.ActiveCfg = Debug|Any CPU
		{898D22C5-0926-4D86-9D6D-9803CBB676E7}.Debug|Any CPU.Build.0 = Debug|Any CPU
		{898D22C5-0926-4D86-9D6D-9803CBB676E7}.Release|Any CPU.ActiveCfg = Release|Any CPU
		{898D22C5-0926-4D86-9D6D-9803CBB676E7}.Release|Any CPU.Build.0 = Release|Any CPU
		{6D8F4A3F-1B46-4F1D-83A7-C4F4457EEA88}.Debug|Any CPU.ActiveCfg = Debug|Any CPU
		{6D8F4A3F-1B46-4F1D-83A7-C4F4457EEA88}.Debug|Any CPU.Build.0 = Debug|Any CPU
		{6D8F4A3F-1B46-4F1D-83A7-C4F4457EEA88}.Release|Any CPU.ActiveCfg = Release|Any CPU
		{6D8F4A3F-1B46-4F1D-83A7-C4F4457EEA88}.Release|Any CPU.Build.0 = Release|Any CPU
	EndGlobalSection
	GlobalSection(SolutionProperties) = preSolution
		HideSolutionNode = FALSE
	EndGlobalSection
	GlobalSection(ExtensibilityGlobals) = postSolution
		SolutionGuid = {56AF205B-7993-40D4-983B-9F66B50A726A}
	EndGlobalSection
EndGlobal
